
Microsoft Visual Studio Solution File, Format Version 12.00
# Visual Studio Version 17
VisualStudioVersion = 17.14.36518.9
MinimumVisualStudioVersion = 10.0.40219.1
Project("{FAE04EC0-301F-11D3-BF4B-00C04F79EFBC}") = "App.Repositories", "Repositories\App.Repositories.csproj", "{907E337E-EEFC-489B-9665-95C613A283F8}"
EndProject
Project("{FAE04EC0-301F-11D3-BF4B-00C04F79EFBC}") = "App.Services", "Services\App.Services.csproj", "{CCA49206-F382-49FC-9682-9DF3D0AD0864}"
EndProject
Project("{FAE04EC0-301F-11D3-BF4B-00C04F79EFBC}") = "App.API", "App.API\App.API.csproj", "{19696D16-B9F6-4FA8-8ABE-B349B4BC0D68}"
EndProject
Global
	GlobalSection(SolutionConfigurationPlatforms) = preSolution
		Debug|Any CPU = Debug|Any CPU
		Release|Any CPU = Release|Any CPU
	EndGlobalSection
	GlobalSection(ProjectConfigurationPlatforms) = postSolution
		{907E337E-EEFC-489B-9665-95C613A283F8}.Debug|Any CPU.ActiveCfg = Debug|Any CPU
		{907E337E-EEFC-489B-9665-95C613A283F8}.Debug|Any CPU.Build.0 = Debug|Any CPU
		{907E337E-EEFC-489B-9665-95C613A283F8}.Release|Any CPU.ActiveCfg = Release|Any CPU
		{907E337E-EEFC-489B-9665-95C613A283F8}.Release|Any CPU.Build.0 = Release|Any CPU
		{CCA49206-F382-49FC-9682-9DF3D0AD0864}.Debug|Any CPU.ActiveCfg = Debug|Any CPU
		{CCA49206-F382-49FC-9682-9DF3D0AD0864}.Debug|Any CPU.Build.0 = Debug|Any CPU
		{CCA49206-F382-49FC-9682-9DF3D0AD0864}.Release|Any CPU.ActiveCfg = Release|Any CPU
		{CCA49206-F382-49FC-9682-9DF3D0AD0864}.Release|Any CPU.Build.0 = Release|Any CPU
		{19696D16-B9F6-4FA8-8ABE-B349B4BC0D68}.Debug|Any CPU.ActiveCfg = Debug|Any CPU
		{19696D16-B9F6-4FA8-8ABE-B349B4BC0D68}.Debug|Any CPU.Build.0 = Debug|Any CPU
		{19696D16-B9F6-4FA8-8ABE-B349B4BC0D68}.Release|Any CPU.ActiveCfg = Release|Any CPU
		{19696D16-B9F6-4FA8-8ABE-B349B4BC0D68}.Release|Any CPU.Build.0 = Release|Any CPU
	EndGlobalSection
	GlobalSection(SolutionProperties) = preSolution
		HideSolutionNode = FALSE
	EndGlobalSection
	GlobalSection(ExtensibilityGlobals) = postSolution
		SolutionGuid = {79155040-BE3D-48C1-B941-11E1330657B1}
	EndGlobalSection
EndGlobal
